
Microsoft Visual Studio Solution File, Format Version 10.00
# Visual C++ Express 2008
Project("{8BC9CEB8-8B4A-11D0-8D11-00A0C91BC942}") = "pyvsgpt", "pyvsgpt\pyvsgpt.vcproj", "{A9587266-B4B1-4798-8B54-58BE5B0B51E1}"
	ProjectSection(ProjectDependencies) = postProject
		{D91EC1D2-A9BD-4F4B-A3CB-85FBB05FEB21} = {D91EC1D2-A9BD-4F4B-A3CB-85FBB05FEB21}
		{EE194A75-3F75-4F24-8E22-0E13A6126142} = {EE194A75-3F75-4F24-8E22-0E13A6126142}
		{ACCD070D-C5DF-4834-97F1-231D78FA2505} = {ACCD070D-C5DF-4834-97F1-231D78FA2505}
		{9C7E2CEB-C766-4444-9E61-E9A405C201D7} = {9C7E2CEB-C766-4444-9E61-E9A405C201D7}
		{0AB48F05-32EB-4346-8A35-C2FFD37925B7} = {0AB48F05-32EB-4346-8A35-C2FFD37925B7}
		{1D2AA590-6A0F-4EAC-ADCC-FFD29049D58A} = {1D2AA590-6A0F-4EAC-ADCC-FFD29049D58A}
		{E4A32F42-B307-43B9-B607-41126FA1D275} = {E4A32F42-B307-43B9-B607-41126FA1D275}
		{AB250F90-8D16-4EEE-853D-BE56A5B89CC5} = {AB250F90-8D16-4EEE-853D-BE56A5B89CC5}
		{3F00D7D6-AA34-40D3-83D7-CA38E2341FB5} = {3F00D7D6-AA34-40D3-83D7-CA38E2341FB5}
		{1E3C6181-6149-4C25-A20D-3D88F14710E9} = {1E3C6181-6149-4C25-A20D-3D88F14710E9}
	EndProjectSection
EndProject
Project("{8BC9CEB8-8B4A-11D0-8D11-00A0C91BC942}") = "libfcache", "libfcache\libfcache.vcproj", "{02CA76EB-299B-4791-8905-3DDDF4DC35EA}"
	ProjectSection(ProjectDependencies) = postProject
		{D91EC1D2-A9BD-4F4B-A3CB-85FBB05FEB21} = {D91EC1D2-A9BD-4F4B-A3CB-85FBB05FEB21}
		{3C2F54EF-CCD1-4638-933E-13886215402D} = {3C2F54EF-CCD1-4638-933E-13886215402D}
		{ACCD070D-C5DF-4834-97F1-231D78FA2505} = {ACCD070D-C5DF-4834-97F1-231D78FA2505}
	EndProjectSection
EndProject
Project("{8BC9CEB8-8B4A-11D0-8D11-00A0C91BC942}") = "vsgptinfo", "vsgptinfo\vsgptinfo.vcproj", "{F4D853EF-1953-49E7-B958-F116D56E6BAC}"
	ProjectSection(ProjectDependencies) = postProject
		{1E3C6181-6149-4C25-A20D-3D88F14710E9} = {1E3C6181-6149-4C25-A20D-3D88F14710E9}
		{1D2AA590-6A0F-4EAC-ADCC-FFD29049D58A} = {1D2AA590-6A0F-4EAC-ADCC-FFD29049D58A}
		{EE194A75-3F75-4F24-8E22-0E13A6126142} = {EE194A75-3F75-4F24-8E22-0E13A6126142}
		{A7DA28A5-9A16-4BB5-BC28-BB786330B57F} = {A7DA28A5-9A16-4BB5-BC28-BB786330B57F}
		{9C7E2CEB-C766-4444-9E61-E9A405C201D7} = {9C7E2CEB-C766-4444-9E61-E9A405C201D7}
		{D91EC1D2-A9BD-4F4B-A3CB-85FBB05FEB21} = {D91EC1D2-A9BD-4F4B-A3CB-85FBB05FEB21}
	EndProjectSection
EndProject
Project("{8BC9CEB8-8B4A-11D0-8D11-00A0C91BC942}") = "libfguid", "libfguid\libfguid.vcproj", "{1E3C6181-6149-4C25-A20D-3D88F14710E9}"
	ProjectSection(ProjectDependencies) = postProject
		{D91EC1D2-A9BD-4F4B-A3CB-85FBB05FEB21} = {D91EC1D2-A9BD-4F4B-A3CB-85FBB05FEB21}
	EndProjectSection
EndProject
Project("{8BC9CEB8-8B4A-11D0-8D11-00A0C91BC942}") = "vsgpt_test_boot_record", "vsgpt_test_boot_record\vsgpt_test_boot_record.vcproj", "{89C385F5-52CE-4E2C-B00E-0700D92B8D1A}"
	ProjectSection(ProjectDependencies) = postProject
		{3F00D7D6-AA34-40D3-83D7-CA38E2341FB5} = {3F00D7D6-AA34-40D3-83D7-CA38E2341FB5}
		{AB250F90-8D16-4EEE-853D-BE56A5B89CC5} = {AB250F90-8D16-4EEE-853D-BE56A5B89CC5}
		{E4A32F42-B307-43B9-B607-41126FA1D275} = {E4A32F42-B307-43B9-B607-41126FA1D275}
		{1D2AA590-6A0F-4EAC-ADCC-FFD29049D58A} = {1D2AA590-6A0F-4EAC-ADCC-FFD29049D58A}
		{0AB48F05-32EB-4346-8A35-C2FFD37925B7} = {0AB48F05-32EB-4346-8A35-C2FFD37925B7}
		{A7DA28A5-9A16-4BB5-BC28-BB786330B57F} = {A7DA28A5-9A16-4BB5-BC28-BB786330B57F}
		{9C7E2CEB-C766-4444-9E61-E9A405C201D7} = {9C7E2CEB-C766-4444-9E61-E9A405C201D7}
		{ACCD070D-C5DF-4834-97F1-231D78FA2505} = {ACCD070D-C5DF-4834-97F1-231D78FA2505}
		{EE194A75-3F75-4F24-8E22-0E13A6126142} = {EE194A75-3F75-4F24-8E22-0E13A6126142}
		{D91EC1D2-A9BD-4F4B-A3CB-85FBB05FEB21} = {D91EC1D2-A9BD-4F4B-A3CB-85FBB05FEB21}
	EndProjectSection
EndProject
Project("{8BC9CEB8-8B4A-11D0-8D11-00A0C91BC942}") = "vsgpt_test_checksum", "vsgpt_test_checksum\vsgpt_test_checksum.vcproj", "{8412E043-1B68-4A61-84B2-904C621443E9}"
	ProjectSection(ProjectDependencies) = postProject
		{EE194A75-3F75-4F24-8E22-0E13A6126142} = {EE194A75-3F75-4F24-8E22-0E13A6126142}
		{D91EC1D2-A9BD-4F4B-A3CB-85FBB05FEB21} = {D91EC1D2-A9BD-4F4B-A3CB-85FBB05FEB21}
	EndProjectSection
EndProject
Project("{8BC9CEB8-8B4A-11D0-8D11-00A0C91BC942}") = "vsgpt_test_chs_address", "vsgpt_test_chs_address\vsgpt_test_chs_address.vcproj", "{B60884A7-7770-4B0B-808B-15DED3830053}"
	ProjectSection(ProjectDependencies) = postProject
		{EE194A75-3F75-4F24-8E22-0E13A6126142} = {EE194A75-3F75-4F24-8E22-0E13A6126142}
		{D91EC1D2-A9BD-4F4B-A3CB-85FBB05FEB21} = {D91EC1D2-A9BD-4F4B-A3CB-85FBB05FEB21}
	EndProjectSection
EndProject
Project("{8BC9CEB8-8B4A-11D0-8D11-00A0C91BC942}") = "vsgpt_test_error", "vsgpt_test_error\vsgpt_test_error.vcproj", "{6DEC3554-5292-459F-81C4-A94567208163}"
	ProjectSection(ProjectDependencies) = postProject
		{EE194A75-3F75-4F24-8E22-0E13A6126142} = {EE194A75-3F75-4F24-8E22-0E13A6126142}
	EndProjectSection
EndProject
Project("{8BC9CEB8-8B4A-11D0-8D11-00A0C91BC942}") = "vsgpt_test_io_handle", "vsgpt_test_io_handle\vsgpt_test_io_handle.vcproj", "{D7E2E984-4C8F-4B6F-A84F-0128BC2A70A5}"
	ProjectSection(ProjectDependencies) = postProject
		{EE194A75-3F75-4F24-8E22-0E13A6126142} = {EE194A75-3F75-4F24-8E22-0E13A6126142}
		{D91EC1D2-A9BD-4F4B-A3CB-85FBB05FEB21} = {D91EC1D2-A9BD-4F4B-A3CB-85FBB05FEB21}
	EndProjectSection
EndProject
Project("{8BC9CEB8-8B4A-11D0-8D11-00A0C91BC942}") = "vsgpt_test_mbr_partition_entry", "vsgpt_test_mbr_partition_entry\vsgpt_test_mbr_partition_entry.vcproj", "{EF62D093-2B95-4F8D-BE93-D29160385D01}"
	ProjectSection(ProjectDependencies) = postProject
		{EE194A75-3F75-4F24-8E22-0E13A6126142} = {EE194A75-3F75-4F24-8E22-0E13A6126142}
		{D91EC1D2-A9BD-4F4B-A3CB-85FBB05FEB21} = {D91EC1D2-A9BD-4F4B-A3CB-85FBB05FEB21}
	EndProjectSection
EndProject
Project("{8BC9CEB8-8B4A-11D0-8D11-00A0C91BC942}") = "vsgpt_test_mbr_partition_type", "vsgpt_test_mbr_partition_type\vsgpt_test_mbr_partition_type.vcproj", "{8397AE0B-797C-4500-820E-6E69D312FD89}"
	ProjectSection(ProjectDependencies) = postProject
		{EE194A75-3F75-4F24-8E22-0E13A6126142} = {EE194A75-3F75-4F24-8E22-0E13A6126142}
		{D91EC1D2-A9BD-4F4B-A3CB-85FBB05FEB21} = {D91EC1D2-A9BD-4F4B-A3CB-85FBB05FEB21}
	EndProjectSection
EndProject
Project("{8BC9CEB8-8B4A-11D0-8D11-00A0C91BC942}") = "vsgpt_test_notify", "vsgpt_test_notify\vsgpt_test_notify.vcproj", "{0D2E146D-E70A-4480-908C-A6D7400AAF7C}"
	ProjectSection(ProjectDependencies) = postProject
		{EE194A75-3F75-4F24-8E22-0E13A6126142} = {EE194A75-3F75-4F24-8E22-0E13A6126142}
		{D91EC1D2-A9BD-4F4B-A3CB-85FBB05FEB21} = {D91EC1D2-A9BD-4F4B-A3CB-85FBB05FEB21}
	EndProjectSection
EndProject
Project("{8BC9CEB8-8B4A-11D0-8D11-00A0C91BC942}") = "vsgpt_test_partition", "vsgpt_test_partition\vsgpt_test_partition.vcproj", "{485B03CB-B20E-4AEE-841A-6B3462DBBD7D}"
	ProjectSection(ProjectDependencies) = postProject
		{3F00D7D6-AA34-40D3-83D7-CA38E2341FB5} = {3F00D7D6-AA34-40D3-83D7-CA38E2341FB5}
		{AB250F90-8D16-4EEE-853D-BE56A5B89CC5} = {AB250F90-8D16-4EEE-853D-BE56A5B89CC5}
		{E4A32F42-B307-43B9-B607-41126FA1D275} = {E4A32F42-B307-43B9-B607-41126FA1D275}
		{1D2AA590-6A0F-4EAC-ADCC-FFD29049D58A} = {1D2AA590-6A0F-4EAC-ADCC-FFD29049D58A}
		{0AB48F05-32EB-4346-8A35-C2FFD37925B7} = {0AB48F05-32EB-4346-8A35-C2FFD37925B7}
		{A7DA28A5-9A16-4BB5-BC28-BB786330B57F} = {A7DA28A5-9A16-4BB5-BC28-BB786330B57F}
		{9C7E2CEB-C766-4444-9E61-E9A405C201D7} = {9C7E2CEB-C766-4444-9E61-E9A405C201D7}
		{ACCD070D-C5DF-4834-97F1-231D78FA2505} = {ACCD070D-C5DF-4834-97F1-231D78FA2505}
		{EE194A75-3F75-4F24-8E22-0E13A6126142} = {EE194A75-3F75-4F24-8E22-0E13A6126142}
		{3C2F54EF-CCD1-4638-933E-13886215402D} = {3C2F54EF-CCD1-4638-933E-13886215402D}
		{D91EC1D2-A9BD-4F4B-A3CB-85FBB05FEB21} = {D91EC1D2-A9BD-4F4B-A3CB-85FBB05FEB21}
	EndProjectSection
EndProject
Project("{8BC9CEB8-8B4A-11D0-8D11-00A0C91BC942}") = "vsgpt_test_partition_entry", "vsgpt_test_partition_entry\vsgpt_test_partition_entry.vcproj", "{ED62A2DB-5730-46ED-B359-4B6F2C28C001}"
	ProjectSection(ProjectDependencies) = postProject
		{EE194A75-3F75-4F24-8E22-0E13A6126142} = {EE194A75-3F75-4F24-8E22-0E13A6126142}
		{D91EC1D2-A9BD-4F4B-A3CB-85FBB05FEB21} = {D91EC1D2-A9BD-4F4B-A3CB-85FBB05FEB21}
	EndProjectSection
EndProject
Project("{8BC9CEB8-8B4A-11D0-8D11-00A0C91BC942}") = "vsgpt_test_partition_table_header", "vsgpt_test_partition_table_header\vsgpt_test_partition_table_header.vcproj", "{6F5AE47A-4719-4A77-B57A-2F7B773670B0}"
	ProjectSection(ProjectDependencies) = postProject
		{3F00D7D6-AA34-40D3-83D7-CA38E2341FB5} = {3F00D7D6-AA34-40D3-83D7-CA38E2341FB5}
		{AB250F90-8D16-4EEE-853D-BE56A5B89CC5} = {AB250F90-8D16-4EEE-853D-BE56A5B89CC5}
		{E4A32F42-B307-43B9-B607-41126FA1D275} = {E4A32F42-B307-43B9-B607-41126FA1D275}
		{1D2AA590-6A0F-4EAC-ADCC-FFD29049D58A} = {1D2AA590-6A0F-4EAC-ADCC-FFD29049D58A}
		{0AB48F05-32EB-4346-8A35-C2FFD37925B7} = {0AB48F05-32EB-4346-8A35-C2FFD37925B7}
		{A7DA28A5-9A16-4BB5-BC28-BB786330B57F} = {A7DA28A5-9A16-4BB5-BC28-BB786330B57F}
		{9C7E2CEB-C766-4444-9E61-E9A405C201D7} = {9C7E2CEB-C766-4444-9E61-E9A405C201D7}
		{ACCD070D-C5DF-4834-97F1-231D78FA2505} = {ACCD070D-C5DF-4834-97F1-231D78FA2505}
		{EE194A75-3F75-4F24-8E22-0E13A6126142} = {EE194A75-3F75-4F24-8E22-0E13A6126142}
		{D91EC1D2-A9BD-4F4B-A3CB-85FBB05FEB21} = {D91EC1D2-A9BD-4F4B-A3CB-85FBB05FEB21}
	EndProjectSection
EndProject
Project("{8BC9CEB8-8B4A-11D0-8D11-00A0C91BC942}") = "vsgpt_test_partition_type_identifier", "vsgpt_test_partition_type_identifier\vsgpt_test_partition_type_identifier.vcproj", "{F6AB7DAF-6CB9-45E3-9DD6-310A9FCB5622}"
	ProjectSection(ProjectDependencies) = postProject
		{EE194A75-3F75-4F24-8E22-0E13A6126142} = {EE194A75-3F75-4F24-8E22-0E13A6126142}
	EndProjectSection
EndProject
Project("{8BC9CEB8-8B4A-11D0-8D11-00A0C91BC942}") = "vsgpt_test_partition_values", "vsgpt_test_partition_values\vsgpt_test_partition_values.vcproj", "{6166CE7A-AFD7-4FD0-9FD5-455C92E938E1}"
	ProjectSection(ProjectDependencies) = postProject
		{EE194A75-3F75-4F24-8E22-0E13A6126142} = {EE194A75-3F75-4F24-8E22-0E13A6126142}
		{D91EC1D2-A9BD-4F4B-A3CB-85FBB05FEB21} = {D91EC1D2-A9BD-4F4B-A3CB-85FBB05FEB21}
	EndProjectSection
EndProject
Project("{8BC9CEB8-8B4A-11D0-8D11-00A0C91BC942}") = "vsgpt_test_section_values", "vsgpt_test_section_values\vsgpt_test_section_values.vcproj", "{4CFC159A-7114-456E-8C55-E8D5F3733EEF}"
	ProjectSection(ProjectDependencies) = postProject
		{EE194A75-3F75-4F24-8E22-0E13A6126142} = {EE194A75-3F75-4F24-8E22-0E13A6126142}
		{D91EC1D2-A9BD-4F4B-A3CB-85FBB05FEB21} = {D91EC1D2-A9BD-4F4B-A3CB-85FBB05FEB21}
	EndProjectSection
EndProject
Project("{8BC9CEB8-8B4A-11D0-8D11-00A0C91BC942}") = "vsgpt_test_sector_data", "vsgpt_test_sector_data\vsgpt_test_sector_data.vcproj", "{14F15F4C-2AD2-4B35-B876-704CDEE6BCC8}"
	ProjectSection(ProjectDependencies) = postProject
		{3F00D7D6-AA34-40D3-83D7-CA38E2341FB5} = {3F00D7D6-AA34-40D3-83D7-CA38E2341FB5}
		{AB250F90-8D16-4EEE-853D-BE56A5B89CC5} = {AB250F90-8D16-4EEE-853D-BE56A5B89CC5}
		{E4A32F42-B307-43B9-B607-41126FA1D275} = {E4A32F42-B307-43B9-B607-41126FA1D275}
		{1D2AA590-6A0F-4EAC-ADCC-FFD29049D58A} = {1D2AA590-6A0F-4EAC-ADCC-FFD29049D58A}
		{0AB48F05-32EB-4346-8A35-C2FFD37925B7} = {0AB48F05-32EB-4346-8A35-C2FFD37925B7}
		{A7DA28A5-9A16-4BB5-BC28-BB786330B57F} = {A7DA28A5-9A16-4BB5-BC28-BB786330B57F}
		{9C7E2CEB-C766-4444-9E61-E9A405C201D7} = {9C7E2CEB-C766-4444-9E61-E9A405C201D7}
		{ACCD070D-C5DF-4834-97F1-231D78FA2505} = {ACCD070D-C5DF-4834-97F1-231D78FA2505}
		{EE194A75-3F75-4F24-8E22-0E13A6126142} = {EE194A75-3F75-4F24-8E22-0E13A6126142}
		{D91EC1D2-A9BD-4F4B-A3CB-85FBB05FEB21} = {D91EC1D2-A9BD-4F4B-A3CB-85FBB05FEB21}
	EndProjectSection
EndProject
Project("{8BC9CEB8-8B4A-11D0-8D11-00A0C91BC942}") = "vsgpt_test_support", "vsgpt_test_support\vsgpt_test_support.vcproj", "{77706B91-D478-408D-80CE-D62352895BA8}"
	ProjectSection(ProjectDependencies) = postProject
		{3F00D7D6-AA34-40D3-83D7-CA38E2341FB5} = {3F00D7D6-AA34-40D3-83D7-CA38E2341FB5}
		{AB250F90-8D16-4EEE-853D-BE56A5B89CC5} = {AB250F90-8D16-4EEE-853D-BE56A5B89CC5}
		{E4A32F42-B307-43B9-B607-41126FA1D275} = {E4A32F42-B307-43B9-B607-41126FA1D275}
		{1D2AA590-6A0F-4EAC-ADCC-FFD29049D58A} = {1D2AA590-6A0F-4EAC-ADCC-FFD29049D58A}
		{0AB48F05-32EB-4346-8A35-C2FFD37925B7} = {0AB48F05-32EB-4346-8A35-C2FFD37925B7}
		{A7DA28A5-9A16-4BB5-BC28-BB786330B57F} = {A7DA28A5-9A16-4BB5-BC28-BB786330B57F}
		{9C7E2CEB-C766-4444-9E61-E9A405C201D7} = {9C7E2CEB-C766-4444-9E61-E9A405C201D7}
		{ACCD070D-C5DF-4834-97F1-231D78FA2505} = {ACCD070D-C5DF-4834-97F1-231D78FA2505}
		{EE194A75-3F75-4F24-8E22-0E13A6126142} = {EE194A75-3F75-4F24-8E22-0E13A6126142}
		{D91EC1D2-A9BD-4F4B-A3CB-85FBB05FEB21} = {D91EC1D2-A9BD-4F4B-A3CB-85FBB05FEB21}
	EndProjectSection
EndProject
Project("{8BC9CEB8-8B4A-11D0-8D11-00A0C91BC942}") = "vsgpt_test_tools_info_handle", "vsgpt_test_tools_info_handle\vsgpt_test_tools_info_handle.vcproj", "{3410EE73-D30A-4F3E-A920-F3CB52106E9E}"
	ProjectSection(ProjectDependencies) = postProject
		{1E3C6181-6149-4C25-A20D-3D88F14710E9} = {1E3C6181-6149-4C25-A20D-3D88F14710E9}
		{9C7E2CEB-C766-4444-9E61-E9A405C201D7} = {9C7E2CEB-C766-4444-9E61-E9A405C201D7}
		{EE194A75-3F75-4F24-8E22-0E13A6126142} = {EE194A75-3F75-4F24-8E22-0E13A6126142}
		{D91EC1D2-A9BD-4F4B-A3CB-85FBB05FEB21} = {D91EC1D2-A9BD-4F4B-A3CB-85FBB05FEB21}
	EndProjectSection
EndProject
Project("{8BC9CEB8-8B4A-11D0-8D11-00A0C91BC942}") = "vsgpt_test_tools_output", "vsgpt_test_tools_output\vsgpt_test_tools_output.vcproj", "{208BF747-504B-4F7C-BEC6-753AB4F8F103}"
	ProjectSection(ProjectDependencies) = postProject
		{EE194A75-3F75-4F24-8E22-0E13A6126142} = {EE194A75-3F75-4F24-8E22-0E13A6126142}
		{D91EC1D2-A9BD-4F4B-A3CB-85FBB05FEB21} = {D91EC1D2-A9BD-4F4B-A3CB-85FBB05FEB21}
	EndProjectSection
EndProject
Project("{8BC9CEB8-8B4A-11D0-8D11-00A0C91BC942}") = "vsgpt_test_tools_signal", "vsgpt_test_tools_signal\vsgpt_test_tools_signal.vcproj", "{3E1E0389-6EE8-4251-BEB4-0E46C27E9040}"
	ProjectSection(ProjectDependencies) = postProject
		{EE194A75-3F75-4F24-8E22-0E13A6126142} = {EE194A75-3F75-4F24-8E22-0E13A6126142}
		{D91EC1D2-A9BD-4F4B-A3CB-85FBB05FEB21} = {D91EC1D2-A9BD-4F4B-A3CB-85FBB05FEB21}
	EndProjectSection
EndProject
Project("{8BC9CEB8-8B4A-11D0-8D11-00A0C91BC942}") = "vsgpt_test_volume", "vsgpt_test_volume\vsgpt_test_volume.vcproj", "{0872027B-CABB-487B-8942-D11EF2350C83}"
	ProjectSection(ProjectDependencies) = postProject
		{3F00D7D6-AA34-40D3-83D7-CA38E2341FB5} = {3F00D7D6-AA34-40D3-83D7-CA38E2341FB5}
		{AB250F90-8D16-4EEE-853D-BE56A5B89CC5} = {AB250F90-8D16-4EEE-853D-BE56A5B89CC5}
		{E4A32F42-B307-43B9-B607-41126FA1D275} = {E4A32F42-B307-43B9-B607-41126FA1D275}
		{1D2AA590-6A0F-4EAC-ADCC-FFD29049D58A} = {1D2AA590-6A0F-4EAC-ADCC-FFD29049D58A}
		{0AB48F05-32EB-4346-8A35-C2FFD37925B7} = {0AB48F05-32EB-4346-8A35-C2FFD37925B7}
		{A7DA28A5-9A16-4BB5-BC28-BB786330B57F} = {A7DA28A5-9A16-4BB5-BC28-BB786330B57F}
		{9C7E2CEB-C766-4444-9E61-E9A405C201D7} = {9C7E2CEB-C766-4444-9E61-E9A405C201D7}
		{ACCD070D-C5DF-4834-97F1-231D78FA2505} = {ACCD070D-C5DF-4834-97F1-231D78FA2505}
		{EE194A75-3F75-4F24-8E22-0E13A6126142} = {EE194A75-3F75-4F24-8E22-0E13A6126142}
		{3C2F54EF-CCD1-4638-933E-13886215402D} = {3C2F54EF-CCD1-4638-933E-13886215402D}
		{D91EC1D2-A9BD-4F4B-A3CB-85FBB05FEB21} = {D91EC1D2-A9BD-4F4B-A3CB-85FBB05FEB21}
	EndProjectSection
EndProject
Project("{8BC9CEB8-8B4A-11D0-8D11-00A0C91BC942}") = "libclocale", "libclocale\libclocale.vcproj", "{9C7E2CEB-C766-4444-9E61-E9A405C201D7}"
	ProjectSection(ProjectDependencies) = postProject
		{D91EC1D2-A9BD-4F4B-A3CB-85FBB05FEB21} = {D91EC1D2-A9BD-4F4B-A3CB-85FBB05FEB21}
	EndProjectSection
EndProject
Project("{8BC9CEB8-8B4A-11D0-8D11-00A0C91BC942}") = "libbfio", "libbfio\libbfio.vcproj", "{3F00D7D6-AA34-40D3-83D7-CA38E2341FB5}"
	ProjectSection(ProjectDependencies) = postProject
		{D91EC1D2-A9BD-4F4B-A3CB-85FBB05FEB21} = {D91EC1D2-A9BD-4F4B-A3CB-85FBB05FEB21}
		{3C2F54EF-CCD1-4638-933E-13886215402D} = {3C2F54EF-CCD1-4638-933E-13886215402D}
		{9C7E2CEB-C766-4444-9E61-E9A405C201D7} = {9C7E2CEB-C766-4444-9E61-E9A405C201D7}
		{A7DA28A5-9A16-4BB5-BC28-BB786330B57F} = {A7DA28A5-9A16-4BB5-BC28-BB786330B57F}
		{ACCD070D-C5DF-4834-97F1-231D78FA2505} = {ACCD070D-C5DF-4834-97F1-231D78FA2505}
		{0AB48F05-32EB-4346-8A35-C2FFD37925B7} = {0AB48F05-32EB-4346-8A35-C2FFD37925B7}
		{E4A32F42-B307-43B9-B607-41126FA1D275} = {E4A32F42-B307-43B9-B607-41126FA1D275}
		{AB250F90-8D16-4EEE-853D-BE56A5B89CC5} = {AB250F90-8D16-4EEE-853D-BE56A5B89CC5}
		{1D2AA590-6A0F-4EAC-ADCC-FFD29049D58A} = {1D2AA590-6A0F-4EAC-ADCC-FFD29049D58A}
	EndProjectSection
EndProject
Project("{8BC9CEB8-8B4A-11D0-8D11-00A0C91BC942}") = "libcfile", "libcfile\libcfile.vcproj", "{E4A32F42-B307-43B9-B607-41126FA1D275}"
	ProjectSection(ProjectDependencies) = postProject
		{D91EC1D2-A9BD-4F4B-A3CB-85FBB05FEB21} = {D91EC1D2-A9BD-4F4B-A3CB-85FBB05FEB21}
		{9C7E2CEB-C766-4444-9E61-E9A405C201D7} = {9C7E2CEB-C766-4444-9E61-E9A405C201D7}
		{A7DA28A5-9A16-4BB5-BC28-BB786330B57F} = {A7DA28A5-9A16-4BB5-BC28-BB786330B57F}
		{1D2AA590-6A0F-4EAC-ADCC-FFD29049D58A} = {1D2AA590-6A0F-4EAC-ADCC-FFD29049D58A}
	EndProjectSection
EndProject
Project("{8BC9CEB8-8B4A-11D0-8D11-00A0C91BC942}") = "libcthreads", "libcthreads\libcthreads.vcproj", "{3C2F54EF-CCD1-4638-933E-13886215402D}"
	ProjectSection(ProjectDependencies) = postProject
		{D91EC1D2-A9BD-4F4B-A3CB-85FBB05FEB21} = {D91EC1D2-A9BD-4F4B-A3CB-85FBB05FEB21}
	EndProjectSection
EndProject
Project("{8BC9CEB8-8B4A-11D0-8D11-00A0C91BC942}") = "libcpath", "libcpath\libcpath.vcproj", "{AB250F90-8D16-4EEE-853D-BE56A5B89CC5}"
	ProjectSection(ProjectDependencies) = postProject
		{D91EC1D2-A9BD-4F4B-A3CB-85FBB05FEB21} = {D91EC1D2-A9BD-4F4B-A3CB-85FBB05FEB21}
		{9C7E2CEB-C766-4444-9E61-E9A405C201D7} = {9C7E2CEB-C766-4444-9E61-E9A405C201D7}
		{0AB48F05-32EB-4346-8A35-C2FFD37925B7} = {0AB48F05-32EB-4346-8A35-C2FFD37925B7}
		{1D2AA590-6A0F-4EAC-ADCC-FFD29049D58A} = {1D2AA590-6A0F-4EAC-ADCC-FFD29049D58A}
	EndProjectSection
EndProject
Project("{8BC9CEB8-8B4A-11D0-8D11-00A0C91BC942}") = "libvsgpt", "libvsgpt\libvsgpt.vcproj", "{EE194A75-3F75-4F24-8E22-0E13A6126142}"
	ProjectSection(ProjectDependencies) = postProject
		{D91EC1D2-A9BD-4F4B-A3CB-85FBB05FEB21} = {D91EC1D2-A9BD-4F4B-A3CB-85FBB05FEB21}
		{3C2F54EF-CCD1-4638-933E-13886215402D} = {3C2F54EF-CCD1-4638-933E-13886215402D}
		{ACCD070D-C5DF-4834-97F1-231D78FA2505} = {ACCD070D-C5DF-4834-97F1-231D78FA2505}
		{9C7E2CEB-C766-4444-9E61-E9A405C201D7} = {9C7E2CEB-C766-4444-9E61-E9A405C201D7}
		{A7DA28A5-9A16-4BB5-BC28-BB786330B57F} = {A7DA28A5-9A16-4BB5-BC28-BB786330B57F}
		{0AB48F05-32EB-4346-8A35-C2FFD37925B7} = {0AB48F05-32EB-4346-8A35-C2FFD37925B7}
		{1D2AA590-6A0F-4EAC-ADCC-FFD29049D58A} = {1D2AA590-6A0F-4EAC-ADCC-FFD29049D58A}
		{E4A32F42-B307-43B9-B607-41126FA1D275} = {E4A32F42-B307-43B9-B607-41126FA1D275}
		{AB250F90-8D16-4EEE-853D-BE56A5B89CC5} = {AB250F90-8D16-4EEE-853D-BE56A5B89CC5}
		{3F00D7D6-AA34-40D3-83D7-CA38E2341FB5} = {3F00D7D6-AA34-40D3-83D7-CA38E2341FB5}
		{02CA76EB-299B-4791-8905-3DDDF4DC35EA} = {02CA76EB-299B-4791-8905-3DDDF4DC35EA}
		{AA03F8D6-E118-466F-B110-00A19F806DEB} = {AA03F8D6-E118-466F-B110-00A19F806DEB}
		{1E3C6181-6149-4C25-A20D-3D88F14710E9} = {1E3C6181-6149-4C25-A20D-3D88F14710E9}
	EndProjectSection
EndProject
Project("{8BC9CEB8-8B4A-11D0-8D11-00A0C91BC942}") = "libuna", "libuna\libuna.vcproj", "{1D2AA590-6A0F-4EAC-ADCC-FFD29049D58A}"
	ProjectSection(ProjectDependencies) = postProject
		{D91EC1D2-A9BD-4F4B-A3CB-85FBB05FEB21} = {D91EC1D2-A9BD-4F4B-A3CB-85FBB05FEB21}
	EndProjectSection
EndProject
Project("{8BC9CEB8-8B4A-11D0-8D11-00A0C91BC942}") = "libcerror", "libcerror\libcerror.vcproj", "{D91EC1D2-A9BD-4F4B-A3CB-85FBB05FEB21}"
EndProject
Project("{8BC9CEB8-8B4A-11D0-8D11-00A0C91BC942}") = "libcnotify", "libcnotify\libcnotify.vcproj", "{A7DA28A5-9A16-4BB5-BC28-BB786330B57F}"
	ProjectSection(ProjectDependencies) = postProject
		{D91EC1D2-A9BD-4F4B-A3CB-85FBB05FEB21} = {D91EC1D2-A9BD-4F4B-A3CB-85FBB05FEB21}
	EndProjectSection
EndProject
Project("{8BC9CEB8-8B4A-11D0-8D11-00A0C91BC942}") = "libfdata", "libfdata\libfdata.vcproj", "{AA03F8D6-E118-466F-B110-00A19F806DEB}"
	ProjectSection(ProjectDependencies) = postProject
		{D91EC1D2-A9BD-4F4B-A3CB-85FBB05FEB21} = {D91EC1D2-A9BD-4F4B-A3CB-85FBB05FEB21}
		{3C2F54EF-CCD1-4638-933E-13886215402D} = {3C2F54EF-CCD1-4638-933E-13886215402D}
		{ACCD070D-C5DF-4834-97F1-231D78FA2505} = {ACCD070D-C5DF-4834-97F1-231D78FA2505}
		{A7DA28A5-9A16-4BB5-BC28-BB786330B57F} = {A7DA28A5-9A16-4BB5-BC28-BB786330B57F}
		{02CA76EB-299B-4791-8905-3DDDF4DC35EA} = {02CA76EB-299B-4791-8905-3DDDF4DC35EA}
	EndProjectSection
EndProject
Project("{8BC9CEB8-8B4A-11D0-8D11-00A0C91BC942}") = "libcdata", "libcdata\libcdata.vcproj", "{ACCD070D-C5DF-4834-97F1-231D78FA2505}"
	ProjectSection(ProjectDependencies) = postProject
		{D91EC1D2-A9BD-4F4B-A3CB-85FBB05FEB21} = {D91EC1D2-A9BD-4F4B-A3CB-85FBB05FEB21}
		{3C2F54EF-CCD1-4638-933E-13886215402D} = {3C2F54EF-CCD1-4638-933E-13886215402D}
	EndProjectSection
EndProject
Project("{8BC9CEB8-8B4A-11D0-8D11-00A0C91BC942}") = "libcsplit", "libcsplit\libcsplit.vcproj", "{0AB48F05-32EB-4346-8A35-C2FFD37925B7}"
	ProjectSection(ProjectDependencies) = postProject
		{D91EC1D2-A9BD-4F4B-A3CB-85FBB05FEB21} = {D91EC1D2-A9BD-4F4B-A3CB-85FBB05FEB21}
	EndProjectSection
EndProject
Global
	GlobalSection(SolutionConfigurationPlatforms) = preSolution
		Release|Win32 = Release|Win32
		VSDebug|Win32 = VSDebug|Win32
	EndGlobalSection
	GlobalSection(ProjectConfigurationPlatforms) = postSolution
		{A9587266-B4B1-4798-8B54-58BE5B0B51E1}.Release|Win32.ActiveCfg = Release|Win32
		{A9587266-B4B1-4798-8B54-58BE5B0B51E1}.Release|Win32.Build.0 = Release|Win32
		{A9587266-B4B1-4798-8B54-58BE5B0B51E1}.VSDebug|Win32.ActiveCfg = VSDebug|Win32
		{A9587266-B4B1-4798-8B54-58BE5B0B51E1}.VSDebug|Win32.Build.0 = VSDebug|Win32
		{02CA76EB-299B-4791-8905-3DDDF4DC35EA}.Release|Win32.ActiveCfg = Release|Win32
		{02CA76EB-299B-4791-8905-3DDDF4DC35EA}.Release|Win32.Build.0 = Release|Win32
		{02CA76EB-299B-4791-8905-3DDDF4DC35EA}.VSDebug|Win32.ActiveCfg = VSDebug|Win32
		{02CA76EB-299B-4791-8905-3DDDF4DC35EA}.VSDebug|Win32.Build.0 = VSDebug|Win32
		{F4D853EF-1953-49E7-B958-F116D56E6BAC}.Release|Win32.ActiveCfg = Release|Win32
		{F4D853EF-1953-49E7-B958-F116D56E6BAC}.Release|Win32.Build.0 = Release|Win32
		{F4D853EF-1953-49E7-B958-F116D56E6BAC}.VSDebug|Win32.ActiveCfg = VSDebug|Win32
		{F4D853EF-1953-49E7-B958-F116D56E6BAC}.VSDebug|Win32.Build.0 = VSDebug|Win32
		{1E3C6181-6149-4C25-A20D-3D88F14710E9}.Release|Win32.ActiveCfg = Release|Win32
		{1E3C6181-6149-4C25-A20D-3D88F14710E9}.Release|Win32.Build.0 = Release|Win32
		{1E3C6181-6149-4C25-A20D-3D88F14710E9}.VSDebug|Win32.ActiveCfg = VSDebug|Win32
		{1E3C6181-6149-4C25-A20D-3D88F14710E9}.VSDebug|Win32.Build.0 = VSDebug|Win32
		{89C385F5-52CE-4E2C-B00E-0700D92B8D1A}.Release|Win32.ActiveCfg = Release|Win32
		{89C385F5-52CE-4E2C-B00E-0700D92B8D1A}.Release|Win32.Build.0 = Release|Win32
		{89C385F5-52CE-4E2C-B00E-0700D92B8D1A}.VSDebug|Win32.ActiveCfg = VSDebug|Win32
		{89C385F5-52CE-4E2C-B00E-0700D92B8D1A}.VSDebug|Win32.Build.0 = VSDebug|Win32
		{8412E043-1B68-4A61-84B2-904C621443E9}.Release|Win32.ActiveCfg = Release|Win32
		{8412E043-1B68-4A61-84B2-904C621443E9}.Release|Win32.Build.0 = Release|Win32
		{8412E043-1B68-4A61-84B2-904C621443E9}.VSDebug|Win32.ActiveCfg = VSDebug|Win32
		{8412E043-1B68-4A61-84B2-904C621443E9}.VSDebug|Win32.Build.0 = VSDebug|Win32
		{B60884A7-7770-4B0B-808B-15DED3830053}.Release|Win32.ActiveCfg = Release|Win32
		{B60884A7-7770-4B0B-808B-15DED3830053}.Release|Win32.Build.0 = Release|Win32
		{B60884A7-7770-4B0B-808B-15DED3830053}.VSDebug|Win32.ActiveCfg = VSDebug|Win32
		{B60884A7-7770-4B0B-808B-15DED3830053}.VSDebug|Win32.Build.0 = VSDebug|Win32
		{6DEC3554-5292-459F-81C4-A94567208163}.Release|Win32.ActiveCfg = Release|Win32
		{6DEC3554-5292-459F-81C4-A94567208163}.Release|Win32.Build.0 = Release|Win32
		{6DEC3554-5292-459F-81C4-A94567208163}.VSDebug|Win32.ActiveCfg = VSDebug|Win32
		{6DEC3554-5292-459F-81C4-A94567208163}.VSDebug|Win32.Build.0 = VSDebug|Win32
		{D7E2E984-4C8F-4B6F-A84F-0128BC2A70A5}.Release|Win32.ActiveCfg = Release|Win32
		{D7E2E984-4C8F-4B6F-A84F-0128BC2A70A5}.Release|Win32.Build.0 = Release|Win32
		{D7E2E984-4C8F-4B6F-A84F-0128BC2A70A5}.VSDebug|Win32.ActiveCfg = VSDebug|Win32
		{D7E2E984-4C8F-4B6F-A84F-0128BC2A70A5}.VSDebug|Win32.Build.0 = VSDebug|Win32
		{EF62D093-2B95-4F8D-BE93-D29160385D01}.Release|Win32.ActiveCfg = Release|Win32
		{EF62D093-2B95-4F8D-BE93-D29160385D01}.Release|Win32.Build.0 = Release|Win32
		{EF62D093-2B95-4F8D-BE93-D29160385D01}.VSDebug|Win32.ActiveCfg = VSDebug|Win32
		{EF62D093-2B95-4F8D-BE93-D29160385D01}.VSDebug|Win32.Build.0 = VSDebug|Win32
		{8397AE0B-797C-4500-820E-6E69D312FD89}.Release|Win32.ActiveCfg = Release|Win32
		{8397AE0B-797C-4500-820E-6E69D312FD89}.Release|Win32.Build.0 = Release|Win32
		{8397AE0B-797C-4500-820E-6E69D312FD89}.VSDebug|Win32.ActiveCfg = VSDebug|Win32
		{8397AE0B-797C-4500-820E-6E69D312FD89}.VSDebug|Win32.Build.0 = VSDebug|Win32
		{0D2E146D-E70A-4480-908C-A6D7400AAF7C}.Release|Win32.ActiveCfg = Release|Win32
		{0D2E146D-E70A-4480-908C-A6D7400AAF7C}.Release|Win32.Build.0 = Release|Win32
		{0D2E146D-E70A-4480-908C-A6D7400AAF7C}.VSDebug|Win32.ActiveCfg = VSDebug|Win32
		{0D2E146D-E70A-4480-908C-A6D7400AAF7C}.VSDebug|Win32.Build.0 = VSDebug|Win32
		{485B03CB-B20E-4AEE-841A-6B3462DBBD7D}.Release|Win32.ActiveCfg = Release|Win32
		{485B03CB-B20E-4AEE-841A-6B3462DBBD7D}.Release|Win32.Build.0 = Release|Win32
		{485B03CB-B20E-4AEE-841A-6B3462DBBD7D}.VSDebug|Win32.ActiveCfg = VSDebug|Win32
		{485B03CB-B20E-4AEE-841A-6B3462DBBD7D}.VSDebug|Win32.Build.0 = VSDebug|Win32
		{ED62A2DB-5730-46ED-B359-4B6F2C28C001}.Release|Win32.ActiveCfg = Release|Win32
		{ED62A2DB-5730-46ED-B359-4B6F2C28C001}.Release|Win32.Build.0 = Release|Win32
		{ED62A2DB-5730-46ED-B359-4B6F2C28C001}.VSDebug|Win32.ActiveCfg = VSDebug|Win32
		{ED62A2DB-5730-46ED-B359-4B6F2C28C001}.VSDebug|Win32.Build.0 = VSDebug|Win32
		{6F5AE47A-4719-4A77-B57A-2F7B773670B0}.Release|Win32.ActiveCfg = Release|Win32
		{6F5AE47A-4719-4A77-B57A-2F7B773670B0}.Release|Win32.Build.0 = Release|Win32
		{6F5AE47A-4719-4A77-B57A-2F7B773670B0}.VSDebug|Win32.ActiveCfg = VSDebug|Win32
		{6F5AE47A-4719-4A77-B57A-2F7B773670B0}.VSDebug|Win32.Build.0 = VSDebug|Win32
		{F6AB7DAF-6CB9-45E3-9DD6-310A9FCB5622}.Release|Win32.ActiveCfg = Release|Win32
		{F6AB7DAF-6CB9-45E3-9DD6-310A9FCB5622}.Release|Win32.Build.0 = Release|Win32
		{F6AB7DAF-6CB9-45E3-9DD6-310A9FCB5622}.VSDebug|Win32.ActiveCfg = VSDebug|Win32
		{F6AB7DAF-6CB9-45E3-9DD6-310A9FCB5622}.VSDebug|Win32.Build.0 = VSDebug|Win32
		{6166CE7A-AFD7-4FD0-9FD5-455C92E938E1}.Release|Win32.ActiveCfg = Release|Win32
		{6166CE7A-AFD7-4FD0-9FD5-455C92E938E1}.Release|Win32.Build.0 = Release|Win32
		{6166CE7A-AFD7-4FD0-9FD5-455C92E938E1}.VSDebug|Win32.ActiveCfg = VSDebug|Win32
		{6166CE7A-AFD7-4FD0-9FD5-455C92E938E1}.VSDebug|Win32.Build.0 = VSDebug|Win32
		{4CFC159A-7114-456E-8C55-E8D5F3733EEF}.Release|Win32.ActiveCfg = Release|Win32
		{4CFC159A-7114-456E-8C55-E8D5F3733EEF}.Release|Win32.Build.0 = Release|Win32
		{4CFC159A-7114-456E-8C55-E8D5F3733EEF}.VSDebug|Win32.ActiveCfg = VSDebug|Win32
		{4CFC159A-7114-456E-8C55-E8D5F3733EEF}.VSDebug|Win32.Build.0 = VSDebug|Win32
		{14F15F4C-2AD2-4B35-B876-704CDEE6BCC8}.Release|Win32.ActiveCfg = Release|Win32
		{14F15F4C-2AD2-4B35-B876-704CDEE6BCC8}.Release|Win32.Build.0 = Release|Win32
		{14F15F4C-2AD2-4B35-B876-704CDEE6BCC8}.VSDebug|Win32.ActiveCfg = VSDebug|Win32
		{14F15F4C-2AD2-4B35-B876-704CDEE6BCC8}.VSDebug|Win32.Build.0 = VSDebug|Win32
		{77706B91-D478-408D-80CE-D62352895BA8}.Release|Win32.ActiveCfg = Release|Win32
		{77706B91-D478-408D-80CE-D62352895BA8}.Release|Win32.Build.0 = Release|Win32
		{77706B91-D478-408D-80CE-D62352895BA8}.VSDebug|Win32.ActiveCfg = VSDebug|Win32
		{77706B91-D478-408D-80CE-D62352895BA8}.VSDebug|Win32.Build.0 = VSDebug|Win32
		{3410EE73-D30A-4F3E-A920-F3CB52106E9E}.Release|Win32.ActiveCfg = Release|Win32
		{3410EE73-D30A-4F3E-A920-F3CB52106E9E}.Release|Win32.Build.0 = Release|Win32
		{3410EE73-D30A-4F3E-A920-F3CB52106E9E}.VSDebug|Win32.ActiveCfg = VSDebug|Win32
		{3410EE73-D30A-4F3E-A920-F3CB52106E9E}.VSDebug|Win32.Build.0 = VSDebug|Win32
		{208BF747-504B-4F7C-BEC6-753AB4F8F103}.Release|Win32.ActiveCfg = Release|Win32
		{208BF747-504B-4F7C-BEC6-753AB4F8F103}.Release|Win32.Build.0 = Release|Win32
		{208BF747-504B-4F7C-BEC6-753AB4F8F103}.VSDebug|Win32.ActiveCfg = VSDebug|Win32
		{208BF747-504B-4F7C-BEC6-753AB4F8F103}.VSDebug|Win32.Build.0 = VSDebug|Win32
		{3E1E0389-6EE8-4251-BEB4-0E46C27E9040}.Release|Win32.ActiveCfg = Release|Win32
		{3E1E0389-6EE8-4251-BEB4-0E46C27E9040}.Release|Win32.Build.0 = Release|Win32
		{3E1E0389-6EE8-4251-BEB4-0E46C27E9040}.VSDebug|Win32.ActiveCfg = VSDebug|Win32
		{3E1E0389-6EE8-4251-BEB4-0E46C27E9040}.VSDebug|Win32.Build.0 = VSDebug|Win32
		{0872027B-CABB-487B-8942-D11EF2350C83}.Release|Win32.ActiveCfg = Release|Win32
		{0872027B-CABB-487B-8942-D11EF2350C83}.Release|Win32.Build.0 = Release|Win32
		{0872027B-CABB-487B-8942-D11EF2350C83}.VSDebug|Win32.ActiveCfg = VSDebug|Win32
		{0872027B-CABB-487B-8942-D11EF2350C83}.VSDebug|Win32.Build.0 = VSDebug|Win32
		{9C7E2CEB-C766-4444-9E61-E9A405C201D7}.Release|Win32.ActiveCfg = Release|Win32
		{9C7E2CEB-C766-4444-9E61-E9A405C201D7}.Release|Win32.Build.0 = Release|Win32
		{9C7E2CEB-C766-4444-9E61-E9A405C201D7}.VSDebug|Win32.ActiveCfg = VSDebug|Win32
		{9C7E2CEB-C766-4444-9E61-E9A405C201D7}.VSDebug|Win32.Build.0 = VSDebug|Win32
		{3F00D7D6-AA34-40D3-83D7-CA38E2341FB5}.Release|Win32.ActiveCfg = Release|Win32
		{3F00D7D6-AA34-40D3-83D7-CA38E2341FB5}.Release|Win32.Build.0 = Release|Win32
		{3F00D7D6-AA34-40D3-83D7-CA38E2341FB5}.VSDebug|Win32.ActiveCfg = VSDebug|Win32
		{3F00D7D6-AA34-40D3-83D7-CA38E2341FB5}.VSDebug|Win32.Build.0 = VSDebug|Win32
		{E4A32F42-B307-43B9-B607-41126FA1D275}.Release|Win32.ActiveCfg = Release|Win32
		{E4A32F42-B307-43B9-B607-41126FA1D275}.Release|Win32.Build.0 = Release|Win32
		{E4A32F42-B307-43B9-B607-41126FA1D275}.VSDebug|Win32.ActiveCfg = VSDebug|Win32
		{E4A32F42-B307-43B9-B607-41126FA1D275}.VSDebug|Win32.Build.0 = VSDebug|Win32
		{3C2F54EF-CCD1-4638-933E-13886215402D}.Release|Win32.ActiveCfg = Release|Win32
		{3C2F54EF-CCD1-4638-933E-13886215402D}.Release|Win32.Build.0 = Release|Win32
		{3C2F54EF-CCD1-4638-933E-13886215402D}.VSDebug|Win32.ActiveCfg = VSDebug|Win32
		{3C2F54EF-CCD1-4638-933E-13886215402D}.VSDebug|Win32.Build.0 = VSDebug|Win32
		{AB250F90-8D16-4EEE-853D-BE56A5B89CC5}.Release|Win32.ActiveCfg = Release|Win32
		{AB250F90-8D16-4EEE-853D-BE56A5B89CC5}.Release|Win32.Build.0 = Release|Win32
		{AB250F90-8D16-4EEE-853D-BE56A5B89CC5}.VSDebug|Win32.ActiveCfg = VSDebug|Win32
		{AB250F90-8D16-4EEE-853D-BE56A5B89CC5}.VSDebug|Win32.Build.0 = VSDebug|Win32
		{EE194A75-3F75-4F24-8E22-0E13A6126142}.Release|Win32.ActiveCfg = Release|Win32
		{EE194A75-3F75-4F24-8E22-0E13A6126142}.Release|Win32.Build.0 = Release|Win32
		{EE194A75-3F75-4F24-8E22-0E13A6126142}.VSDebug|Win32.ActiveCfg = VSDebug|Win32
		{EE194A75-3F75-4F24-8E22-0E13A6126142}.VSDebug|Win32.Build.0 = VSDebug|Win32
		{1D2AA590-6A0F-4EAC-ADCC-FFD29049D58A}.Release|Win32.ActiveCfg = Release|Win32
		{1D2AA590-6A0F-4EAC-ADCC-FFD29049D58A}.Release|Win32.Build.0 = Release|Win32
		{1D2AA590-6A0F-4EAC-ADCC-FFD29049D58A}.VSDebug|Win32.ActiveCfg = VSDebug|Win32
		{1D2AA590-6A0F-4EAC-ADCC-FFD29049D58A}.VSDebug|Win32.Build.0 = VSDebug|Win32
		{D91EC1D2-A9BD-4F4B-A3CB-85FBB05FEB21}.Release|Win32.ActiveCfg = Release|Win32
		{D91EC1D2-A9BD-4F4B-A3CB-85FBB05FEB21}.Release|Win32.Build.0 = Release|Win32
		{D91EC1D2-A9BD-4F4B-A3CB-85FBB05FEB21}.VSDebug|Win32.ActiveCfg = VSDebug|Win32
		{D91EC1D2-A9BD-4F4B-A3CB-85FBB05FEB21}.VSDebug|Win32.Build.0 = VSDebug|Win32
		{A7DA28A5-9A16-4BB5-BC28-BB786330B57F}.Release|Win32.ActiveCfg = Release|Win32
		{A7DA28A5-9A16-4BB5-BC28-BB786330B57F}.Release|Win32.Build.0 = Release|Win32
		{A7DA28A5-9A16-4BB5-BC28-BB786330B57F}.VSDebug|Win32.ActiveCfg = VSDebug|Win32
		{A7DA28A5-9A16-4BB5-BC28-BB786330B57F}.VSDebug|Win32.Build.0 = VSDebug|Win32
		{AA03F8D6-E118-466F-B110-00A19F806DEB}.Release|Win32.ActiveCfg = Release|Win32
		{AA03F8D6-E118-466F-B110-00A19F806DEB}.Release|Win32.Build.0 = Release|Win32
		{AA03F8D6-E118-466F-B110-00A19F806DEB}.VSDebug|Win32.ActiveCfg = VSDebug|Win32
		{AA03F8D6-E118-466F-B110-00A19F806DEB}.VSDebug|Win32.Build.0 = VSDebug|Win32
		{ACCD070D-C5DF-4834-97F1-231D78FA2505}.Release|Win32.ActiveCfg = Release|Win32
		{ACCD070D-C5DF-4834-97F1-231D78FA2505}.Release|Win32.Build.0 = Release|Win32
		{ACCD070D-C5DF-4834-97F1-231D78FA2505}.VSDebug|Win32.ActiveCfg = VSDebug|Win32
		{ACCD070D-C5DF-4834-97F1-231D78FA2505}.VSDebug|Win32.Build.0 = VSDebug|Win32
		{0AB48F05-32EB-4346-8A35-C2FFD37925B7}.Release|Win32.ActiveCfg = Release|Win32
		{0AB48F05-32EB-4346-8A35-C2FFD37925B7}.Release|Win32.Build.0 = Release|Win32
		{0AB48F05-32EB-4346-8A35-C2FFD37925B7}.VSDebug|Win32.ActiveCfg = VSDebug|Win32
		{0AB48F05-32EB-4346-8A35-C2FFD37925B7}.VSDebug|Win32.Build.0 = VSDebug|Win32
	EndGlobalSection
	GlobalSection(SolutionProperties) = preSolution
		HideSolutionNode = FALSE
	EndGlobalSection
EndGlobal
